
Microsoft Visual Studio Solution File, Format Version 12.00
# Visual Studio 2013
VisualStudioVersion = 12.0.21005.1
MinimumVisualStudioVersion = 10.0.40219.1
Project("{FAE04EC0-301F-11D3-BF4B-00C04F79EFBC}") = "MusicCenter", "MusicCenter\MusicCenter.csproj", "{176275AE-3827-4D8C-B375-190875B42FBB}"
EndProject
Project("{FAE04EC0-301F-11D3-BF4B-00C04F79EFBC}") = "MusicCenter.Common", "MusicCenter.Common\MusicCenter.Common.csproj", "{BA420C95-8049-4B1F-9082-FF64C197AA95}"
EndProject
Project("{FAE04EC0-301F-11D3-BF4B-00C04F79EFBC}") = "MusicCenter.Dal", "MusicCenter.Dal\MusicCenter.Dal.csproj", "{F44BCF03-1B53-4C44-B19D-56B8104E89B6}"
EndProject
Project("{FAE04EC0-301F-11D3-BF4B-00C04F79EFBC}") = "MusicCenter.Services", "MusicCenter.Services\MusicCenter.Services.csproj", "{04D88740-AAFA-4B5E-BC1F-3CF3C8A69001}"
EndProject
Project("{2150E333-8FDC-42A3-9474-1A3956D46DE8}") = "Frameworks", "Frameworks", "{494D7679-F6ED-4F10-A1BB-2FB4A4AEC697}"
EndProject
Project("{FAE04EC0-301F-11D3-BF4B-00C04F79EFBC}") = "Repository.Pattern", "Frameworks\Repository.Pattern\Repository.Pattern.csproj", "{6E682A14-C872-4813-B620-76E108DEA683}"
EndProject
Project("{FAE04EC0-301F-11D3-BF4B-00C04F79EFBC}") = "Repository.Pattern.Ef6", "Frameworks\Repository.Pattern.Ef6\Repository.Pattern.Ef6.csproj", "{F68A1D19-93FB-47C1-A22B-42BEA3E4FD8C}"
EndProject
Global
	GlobalSection(SolutionConfigurationPlatforms) = preSolution
		Debug|Any CPU = Debug|Any CPU
		Debug|x86 = Debug|x86
		Release|Any CPU = Release|Any CPU
		Release|x86 = Release|x86
	EndGlobalSection
	GlobalSection(ProjectConfigurationPlatforms) = postSolution
		{176275AE-3827-4D8C-B375-190875B42FBB}.Debug|Any CPU.ActiveCfg = Debug|Any CPU
		{176275AE-3827-4D8C-B375-190875B42FBB}.Debug|Any CPU.Build.0 = Debug|Any CPU
		{176275AE-3827-4D8C-B375-190875B42FBB}.Debug|x86.ActiveCfg = Debug|Any CPU
		{176275AE-3827-4D8C-B375-190875B42FBB}.Release|Any CPU.ActiveCfg = Release|Any CPU
		{176275AE-3827-4D8C-B375-190875B42FBB}.Release|Any CPU.Build.0 = Release|Any CPU
		{176275AE-3827-4D8C-B375-190875B42FBB}.Release|x86.ActiveCfg = Release|Any CPU
		{BA420C95-8049-4B1F-9082-FF64C197AA95}.Debug|Any CPU.ActiveCfg = Debug|Any CPU
		{BA420C95-8049-4B1F-9082-FF64C197AA95}.Debug|Any CPU.Build.0 = Debug|Any CPU
		{BA420C95-8049-4B1F-9082-FF64C197AA95}.Debug|x86.ActiveCfg = Debug|Any CPU
		{BA420C95-8049-4B1F-9082-FF64C197AA95}.Release|Any CPU.ActiveCfg = Release|Any CPU
		{BA420C95-8049-4B1F-9082-FF64C197AA95}.Release|Any CPU.Build.0 = Release|Any CPU
		{BA420C95-8049-4B1F-9082-FF64C197AA95}.Release|x86.ActiveCfg = Release|Any CPU
		{F44BCF03-1B53-4C44-B19D-56B8104E89B6}.Debug|Any CPU.ActiveCfg = Debug|Any CPU
		{F44BCF03-1B53-4C44-B19D-56B8104E89B6}.Debug|Any CPU.Build.0 = Debug|Any CPU
		{F44BCF03-1B53-4C44-B19D-56B8104E89B6}.Debug|x86.ActiveCfg = Debug|Any CPU
		{F44BCF03-1B53-4C44-B19D-56B8104E89B6}.Release|Any CPU.ActiveCfg = Release|Any CPU
		{F44BCF03-1B53-4C44-B19D-56B8104E89B6}.Release|Any CPU.Build.0 = Release|Any CPU
		{F44BCF03-1B53-4C44-B19D-56B8104E89B6}.Release|x86.ActiveCfg = Release|Any CPU
		{04D88740-AAFA-4B5E-BC1F-3CF3C8A69001}.Debug|Any CPU.ActiveCfg = Debug|Any CPU
		{04D88740-AAFA-4B5E-BC1F-3CF3C8A69001}.Debug|Any CPU.Build.0 = Debug|Any CPU
		{04D88740-AAFA-4B5E-BC1F-3CF3C8A69001}.Debug|x86.ActiveCfg = Debug|Any CPU
		{04D88740-AAFA-4B5E-BC1F-3CF3C8A69001}.Release|Any CPU.ActiveCfg = Release|Any CPU
		{04D88740-AAFA-4B5E-BC1F-3CF3C8A69001}.Release|Any CPU.Build.0 = Release|Any CPU
		{04D88740-AAFA-4B5E-BC1F-3CF3C8A69001}.Release|x86.ActiveCfg = Release|Any CPU
		{6E682A14-C872-4813-B620-76E108DEA683}.Debug|Any CPU.ActiveCfg = Debug|Any CPU
		{6E682A14-C872-4813-B620-76E108DEA683}.Debug|Any CPU.Build.0 = Debug|Any CPU
		{6E682A14-C872-4813-B620-76E108DEA683}.Debug|x86.ActiveCfg = Debug|x86
		{6E682A14-C872-4813-B620-76E108DEA683}.Debug|x86.Build.0 = Debug|x86
		{6E682A14-C872-4813-B620-76E108DEA683}.Release|Any CPU.ActiveCfg = Release|Any CPU
		{6E682A14-C872-4813-B620-76E108DEA683}.Release|Any CPU.Build.0 = Release|Any CPU
		{6E682A14-C872-4813-B620-76E108DEA683}.Release|x86.ActiveCfg = Release|x86
		{6E682A14-C872-4813-B620-76E108DEA683}.Release|x86.Build.0 = Release|x86
		{F68A1D19-93FB-47C1-A22B-42BEA3E4FD8C}.Debug|Any CPU.ActiveCfg = Debug|Any CPU
		{F68A1D19-93FB-47C1-A22B-42BEA3E4FD8C}.Debug|Any CPU.Build.0 = Debug|Any CPU
		{F68A1D19-93FB-47C1-A22B-42BEA3E4FD8C}.Debug|x86.ActiveCfg = Debug|Any CPU
		{F68A1D19-93FB-47C1-A22B-42BEA3E4FD8C}.Release|Any CPU.ActiveCfg = Release|Any CPU
		{F68A1D19-93FB-47C1-A22B-42BEA3E4FD8C}.Release|Any CPU.Build.0 = Release|Any CPU
		{F68A1D19-93FB-47C1-A22B-42BEA3E4FD8C}.Release|x86.ActiveCfg = Release|Any CPU
	EndGlobalSection
	GlobalSection(SolutionProperties) = preSolution
		HideSolutionNode = FALSE
	EndGlobalSection
	GlobalSection(NestedProjects) = preSolution
		{6E682A14-C872-4813-B620-76E108DEA683} = {494D7679-F6ED-4F10-A1BB-2FB4A4AEC697}
		{F68A1D19-93FB-47C1-A22B-42BEA3E4FD8C} = {494D7679-F6ED-4F10-A1BB-2FB4A4AEC697}
	EndGlobalSection
EndGlobal
